
Microsoft Visual Studio Solution File, Format Version 12.00
# Visual Studio Version 17
VisualStudioVersion = 17.10.35013.160
MinimumVisualStudioVersion = 10.0.40219.1
Project("{FAE04EC0-301F-11D3-BF4B-00C04F79EFBC}") = "WeatherApp", "WeatherApp.csproj", "{4F75C3F8-7D24-4636-BCB4-76E498B61800}"
EndProject
Global
	GlobalSection(SolutionConfigurationPlatforms) = preSolution
		Debug|Any CPU = Debug|Any CPU
		Release|Any CPU = Release|Any CPU
	EndGlobalSection
	GlobalSection(ProjectConfigurationPlatforms) = postSolution
		{4F75C3F8-7D24-4636-BCB4-76E498B61800}.Debug|Any CPU.ActiveCfg = Debug|Any CPU
		{4F75C3F8-7D24-4636-BCB4-76E498B61800}.Debug|Any CPU.Build.0 = Debug|Any CPU
		{4F75C3F8-7D24-4636-BCB4-76E498B61800}.Release|Any CPU.ActiveCfg = Release|Any CPU
		{4F75C3F8-7D24-4636-BCB4-76E498B61800}.Release|Any CPU.Build.0 = Release|Any CPU
	EndGlobalSection
	GlobalSection(SolutionProperties) = preSolution
		HideSolutionNode = FALSE
	EndGlobalSection
	GlobalSection(ExtensibilityGlobals) = postSolution
		SolutionGuid = {F4A431DF-163A-4DC0-A441-502D7766F5E0}
	EndGlobalSection
EndGlobal
